
Microsoft Visual Studio Solution File, Format Version 12.00
# Visual Studio Version 17
VisualStudioVersion = 17.7.34031.279
MinimumVisualStudioVersion = 10.0.40219.1
Project("{8BC9CEB8-8B4A-11D0-8D11-00A0C91BC942}") = "lab_8_it", "lab_8_it\lab_8_it.vcxproj", "{E3EF1306-CFFD-4FFC-A5C8-78E425D56FA9}"
EndProject
Project("{8BC9CEB8-8B4A-11D0-8D11-00A0C91BC942}") = "task_8_it_test", "task_8_it_test\task_8_it_test.vcxproj", "{0A4EC2CC-1AF0-4FB1-8173-05EA42646F0D}"
EndProject
Global
	GlobalSection(SolutionConfigurationPlatforms) = preSolution
		Debug|x64 = Debug|x64
		Debug|x86 = Debug|x86
		Release|x64 = Release|x64
		Release|x86 = Release|x86
	EndGlobalSection
	GlobalSection(ProjectConfigurationPlatforms) = postSolution
		{E3EF1306-CFFD-4FFC-A5C8-78E425D56FA9}.Debug|x64.ActiveCfg = Debug|x64
		{E3EF1306-CFFD-4FFC-A5C8-78E425D56FA9}.Debug|x64.Build.0 = Debug|x64
		{E3EF1306-CFFD-4FFC-A5C8-78E425D56FA9}.Debug|x86.ActiveCfg = Debug|Win32
		{E3EF1306-CFFD-4FFC-A5C8-78E425D56FA9}.Debug|x86.Build.0 = Debug|Win32
		{E3EF1306-CFFD-4FFC-A5C8-78E425D56FA9}.Release|x64.ActiveCfg = Release|x64
		{E3EF1306-CFFD-4FFC-A5C8-78E425D56FA9}.Release|x64.Build.0 = Release|x64
		{E3EF1306-CFFD-4FFC-A5C8-78E425D56FA9}.Release|x86.ActiveCfg = Release|Win32
		{E3EF1306-CFFD-4FFC-A5C8-78E425D56FA9}.Release|x86.Build.0 = Release|Win32
		{0A4EC2CC-1AF0-4FB1-8173-05EA42646F0D}.Debug|x64.ActiveCfg = Debug|x64
		{0A4EC2CC-1AF0-4FB1-8173-05EA42646F0D}.Debug|x64.Build.0 = Debug|x64
		{0A4EC2CC-1AF0-4FB1-8173-05EA42646F0D}.Debug|x86.ActiveCfg = Debug|Win32
		{0A4EC2CC-1AF0-4FB1-8173-05EA42646F0D}.Debug|x86.Build.0 = Debug|Win32
		{0A4EC2CC-1AF0-4FB1-8173-05EA42646F0D}.Release|x64.ActiveCfg = Release|x64
		{0A4EC2CC-1AF0-4FB1-8173-05EA42646F0D}.Release|x64.Build.0 = Release|x64
		{0A4EC2CC-1AF0-4FB1-8173-05EA42646F0D}.Release|x86.ActiveCfg = Release|Win32
		{0A4EC2CC-1AF0-4FB1-8173-05EA42646F0D}.Release|x86.Build.0 = Release|Win32
	EndGlobalSection
	GlobalSection(SolutionProperties) = preSolution
		HideSolutionNode = FALSE
	EndGlobalSection
	GlobalSection(ExtensibilityGlobals) = postSolution
		SolutionGuid = {F580FED9-9431-475F-8053-A95955FCB695}
	EndGlobalSection
EndGlobal
